
Microsoft Visual Studio Solution File, Format Version 12.00
# Visual Studio Version 17
VisualStudioVersion = 17.11.35219.272
MinimumVisualStudioVersion = 10.0.40219.1
Project("{FAE04EC0-301F-11D3-BF4B-00C04F79EFBC}") = "Chapelao", "Chapelao.csproj", "{557C4FAF-543F-412F-8B8D-C4284E3A8E5F}"
EndProject
Global
	GlobalSection(SolutionConfigurationPlatforms) = preSolution
		Debug|Any CPU = Debug|Any CPU
		Release|Any CPU = Release|Any CPU
	EndGlobalSection
	GlobalSection(ProjectConfigurationPlatforms) = postSolution
		{557C4FAF-543F-412F-8B8D-C4284E3A8E5F}.Debug|Any CPU.ActiveCfg = Debug|Any CPU
		{557C4FAF-543F-412F-8B8D-C4284E3A8E5F}.Debug|Any CPU.Build.0 = Debug|Any CPU
		{557C4FAF-543F-412F-8B8D-C4284E3A8E5F}.Release|Any CPU.ActiveCfg = Release|Any CPU
		{557C4FAF-543F-412F-8B8D-C4284E3A8E5F}.Release|Any CPU.Build.0 = Release|Any CPU
	EndGlobalSection
	GlobalSection(SolutionProperties) = preSolution
		HideSolutionNode = FALSE
	EndGlobalSection
	GlobalSection(ExtensibilityGlobals) = postSolution
		SolutionGuid = {E818E8C7-8B5E-4C15-814A-4F69BC538E3F}
	EndGlobalSection
EndGlobal
